
Microsoft Visual Studio Solution File, Format Version 12.00
# Visual Studio 2012
Project("{CC5FD16D-436D-48AD-A40C-5A424C6E3E79}") = "Protect_TW_Microsoft", "Protect_TW_Microsoft\Protect_TW_Microsoft.ccproj", "{BF31FC9A-1992-4699-9EF4-0CBE934B237E}"
EndProject
Project("{FAE04EC0-301F-11D3-BF4B-00C04F79EFBC}") = "WCFServiceWebRole1", "WCFServiceWebRole1\WCFServiceWebRole1.csproj", "{B41DD063-0C5C-42A2-A9C2-A8A054675505}"
EndProject
Global
	GlobalSection(SolutionConfigurationPlatforms) = preSolution
		Debug|Any CPU = Debug|Any CPU
		Release|Any CPU = Release|Any CPU
	EndGlobalSection
	GlobalSection(ProjectConfigurationPlatforms) = postSolution
		{BF31FC9A-1992-4699-9EF4-0CBE934B237E}.Debug|Any CPU.ActiveCfg = Debug|Any CPU
		{BF31FC9A-1992-4699-9EF4-0CBE934B237E}.Debug|Any CPU.Build.0 = Debug|Any CPU
		{BF31FC9A-1992-4699-9EF4-0CBE934B237E}.Release|Any CPU.ActiveCfg = Release|Any CPU
		{BF31FC9A-1992-4699-9EF4-0CBE934B237E}.Release|Any CPU.Build.0 = Release|Any CPU
		{B41DD063-0C5C-42A2-A9C2-A8A054675505}.Debug|Any CPU.ActiveCfg = Debug|Any CPU
		{B41DD063-0C5C-42A2-A9C2-A8A054675505}.Debug|Any CPU.Build.0 = Debug|Any CPU
		{B41DD063-0C5C-42A2-A9C2-A8A054675505}.Release|Any CPU.ActiveCfg = Release|Any CPU
		{B41DD063-0C5C-42A2-A9C2-A8A054675505}.Release|Any CPU.Build.0 = Release|Any CPU
	EndGlobalSection
	GlobalSection(SolutionProperties) = preSolution
		HideSolutionNode = FALSE
	EndGlobalSection
EndGlobal
